// !$*UTF8*$!
{
	archiveVersion = 1;
	classes = {
	};
	objectVersion = 48;
	objects = {

/* Begin PBXBuildFile section */
		D78FD4822042DA7F0059F912 /* AppDelegate.swift in Sources */ = {isa = PBXBuildFile; fileRef = D78FD4812042DA7F0059F912 /* AppDelegate.swift */; };
		D78FD4842042DA7F0059F912 /* ViewController.swift in Sources */ = {isa = PBXBuildFile; fileRef = D78FD4832042DA7F0059F912 /* ViewController.swift */; };
		D78FD4892042DA7F0059F912 /* Assets.xcassets in Resources */ = {isa = PBXBuildFile; fileRef = D78FD4882042DA7F0059F912 /* Assets.xcassets */; };
		D78FD48C2042DA7F0059F912 /* LaunchScreen.storyboard in Resources */ = {isa = PBXBuildFile; fileRef = D78FD48A2042DA7F0059F912 /* LaunchScreen.storyboard */; };
		D78FD4942042DDFD0059F912 /* QuizVC.swift in Sources */ = {isa = PBXBuildFile; fileRef = D78FD4932042DDFD0059F912 /* QuizVC.swift */; };
		D78FD4962042E2330059F912 /* QuizCVCell.swift in Sources */ = {isa = PBXBuildFile; fileRef = D78FD4952042E2330059F912 /* QuizCVCell.swift */; };
		D78FD4982042E5DD0059F912 /* ResultVC.swift in Sources */ = {isa = PBXBuildFile; fileRef = D78FD4972042E5DD0059F912 /* ResultVC.swift */; };
/* End PBXBuildFile section */

/* Begin PBXFileReference section */
		D78FD47E2042DA7F0059F912 /* QuizGame.app */ = {isa = PBXFileReference; explicitFileType = wrapper.application; includeInIndex = 0; path = QuizGame.app; sourceTree = BUILT_PRODUCTS_DIR; };
		D78FD4812042DA7F0059F912 /* AppDelegate.swift */ = {isa = PBXFileReference; lastKnownFileType = sourcecode.swift; path = AppDelegate.swift; sourceTree = "<group>"; };
		D78FD4832042DA7F0059F912 /* ViewController.swift */ = {isa = PBXFileReference; lastKnownFileType = sourcecode.swift; path = ViewController.swift; sourceTree = "<group>"; };
		D78FD4882042DA7F0059F912 /* Assets.xcassets */ = {isa = PBXFileReference; lastKnownFileType = folder.assetcatalog; path = Assets.xcassets; sourceTree = "<group>"; };
		D78FD48B2042DA7F0059F912 /* Base */ = {isa = PBXFileReference; lastKnownFileType = file.storyboard; name = Base; path = Base.lproj/LaunchScreen.storyboard; sourceTree = "<group>"; };
		D78FD48D2042DA7F0059F912 /* Info.plist */ = {isa = PBXFileReference; lastKnownFileType = text.plist.xml; path = Info.plist; sourceTree = "<group>"; };
		D78FD4932042DDFD0059F912 /* QuizVC.swift */ = {isa = PBXFileReference; lastKnownFileType = sourcecode.swift; path = QuizVC.swift; sourceTree = "<group>"; };
		D78FD4952042E2330059F912 /* QuizCVCell.swift */ = {isa = PBXFileReference; lastKnownFileType = sourcecode.swift; path = QuizCVCell.swift; sourceTree = "<group>"; };
		D78FD4972042E5DD0059F912 /* ResultVC.swift */ = {isa = PBXFileReference; lastKnownFileType = sourcecode.swift; path = ResultVC.swift; sourceTree = "<group>"; };
/* End PBXFileReference section */

/* Begin PBXFrameworksBuildPhase section */
		D78FD47B2042DA7F0059F912 /* Frameworks */ = {
			isa = PBXFrameworksBuildPhase;
			buildActionMask = 2147483647;
			files = (
			);
			runOnlyForDeploymentPostprocessing = 0;
		};
/* End PBXFrameworksBuildPhase section */

/* Begin PBXGroup section */
		D78FD4752042DA7E0059F912 = {
			isa = PBXGroup;
			children = (
				D78FD4802042DA7F0059F912 /* QuizGame */,
				D78FD47F2042DA7F0059F912 /* Products */,
			);
			sourceTree = "<group>";
		};
		D78FD47F2042DA7F0059F912 /* Products */ = {
			isa = PBXGroup;
			children = (
				D78FD47E2042DA7F0059F912 /* QuizGame.app */,
			);
			name = Products;
			sourceTree = "<group>";
		};
		D78FD4802042DA7F0059F912 /* QuizGame */ = {
			isa = PBXGroup;
			children = (
				D78FD4812042DA7F0059F912 /* AppDelegate.swift */,
				D78FD4832042DA7F0059F912 /* ViewController.swift */,
				D78FD4932042DDFD0059F912 /* QuizVC.swift */,
				D78FD4952042E2330059F912 /* QuizCVCell.swift */,
				D78FD4972042E5DD0059F912 /* ResultVC.swift */,
				D78FD4882042DA7F0059F912 /* Assets.xcassets */,
				D78FD48A2042DA7F0059F912 /* LaunchScreen.storyboard */,
				D78FD48D2042DA7F0059F912 /* Info.plist */,
			);
			path = QuizGame;
			sourceTree = "<group>";
		};
/* End PBXGroup section */

/* Begin PBXNativeTarget section */
		D78FD47D2042DA7F0059F912 /* QuizGame */ = {
			isa = PBXNativeTarget;
			buildConfigurationList = D78FD4902042DA7F0059F912 /* Build configuration list for PBXNativeTarget "QuizGame" */;
			buildPhases = (
				D78FD47A2042DA7F0059F912 /* Sources */,
				D78FD47B2042DA7F0059F912 /* Frameworks */,
				D78FD47C2042DA7F0059F912 /* Resources */,
			);
			buildRules = (
			);
			dependencies = (
			);
			name = QuizGame;
			productName = QuizGame;
			productReference = D78FD47E2042DA7F0059F912 /* QuizGame.app */;
			productType = "com.apple.product-type.application";
		};
/* End PBXNativeTarget section */

/* Begin PBXProject section */
		D78FD4762042DA7F0059F912 /* Project object */ = {
			isa = PBXProject;
			attributes = {
				LastSwiftUpdateCheck = 0920;
				LastUpgradeCheck = 0920;
				ORGANIZATIONNAME = "Abdinasir Hussein";
				TargetAttributes = {
					D78FD47D2042DA7F0059F912 = {
						CreatedOnToolsVersion = 9.2;
						ProvisioningStyle = Automatic;
					};
				};
			};
			buildConfigurationList = D78FD4792042DA7F0059F912 /* Build configuration list for PBXProject "QuizGame" */;
			compatibilityVersion = "Xcode 8.0";
			developmentRegion = en;
			hasScannedForEncodings = 0;
			knownRegions = (
				en,
				Base,
			);
			mainGroup = D78FD4752042DA7E0059F912;
			productRefGroup = D78FD47F2042DA7F0059F912 /* Products */;
			projectDirPath = "";
			projectRoot = "";
			targets = (
				D78FD47D2042DA7F0059F912 /* QuizGame */,
			);
		};
/* End PBXProject section */

/* Begin PBXResourcesBuildPhase section */
		D78FD47C2042DA7F0059F912 /* Resources */ = {
			isa = PBXResourcesBuildPhase;
			buildActionMask = 2147483647;
			files = (
				D78FD48C2042DA7F0059F912 /* LaunchScreen.storyboard in Resources */,
				D78FD4892042DA7F0059F912 /* Assets.xcassets in Resources */,
			);
			runOnlyForDeploymentPostprocessing = 0;
		};
/* End PBXResourcesBuildPhase section */

/* Begin PBXSourcesBuildPhase section */
		D78FD47A2042DA7F0059F912 /* Sources */ = {
			isa = PBXSourcesBuildPhase;
			buildActionMask = 2147483647;
			files = (
				D78FD4982042E5DD0059F912 /* ResultVC.swift in Sources */,
				D78FD4962042E2330059F912 /* QuizCVCell.swift in Sources */,
				D78FD4842042DA7F0059F912 /* ViewController.swift in Sources */,
				D78FD4942042DDFD0059F912 /* QuizVC.swift in Sources */,
				D78FD4822042DA7F0059F912 /* AppDelegate.swift in Sources */,
			);
			runOnlyForDeploymentPostprocessing = 0;
		};
/* End PBXSourcesBuildPhase section */

/* Begin PBXVariantGroup section */
		D78FD48A2042DA7F0059F912 /* LaunchScreen.storyboard */ = {
			isa = PBXVariantGroup;
			children = (
				D78FD48B2042DA7F0059F912 /* Base */,
			);
			name = LaunchScreen.storyboard;
			sourceTree = "<group>";
		};
/* End PBXVariantGroup section */

/* Begin XCBuildConfiguration section */
		D78FD48E2042DA7F0059F912 /* Debug */ = {
			isa = XCBuildConfiguration;
			buildSettings = {
				ALWAYS_SEARCH_USER_PATHS = NO;
				CLANG_ANALYZER_NONNULL = YES;
				CLANG_ANALYZER_NUMBER_OBJECT_CONVERSION = YES_AGGRESSIVE;
				CLANG_CXX_LANGUAGE_STANDARD = "gnu++14";
				CLANG_CXX_LIBRARY = "libc++";
				CLANG_ENABLE_MODULES = YES;
				CLANG_ENABLE_OBJC_ARC = YES;
				CLANG_WARN_BLOCK_CAPTURE_AUTORELEASING = YES;
				CLANG_WARN_BOOL_CONVERSION = YES;
				CLANG_WARN_COMMA = YES;
				CLANG_WARN_CONSTANT_CONVERSION = YES;
				CLANG_WARN_DIRECT_OBJC_ISA_USAGE = YES_ERROR;
				CLANG_WARN_DOCUMENTATION_COMMENTS = YES;
				CLANG_WARN_EMPTY_BODY = YES;
				CLANG_WARN_ENUM_CONVERSION = YES;
				CLANG_WARN_INFINITE_RECURSION = YES;
				CLANG_WARN_INT_CONVERSION = YES;
				CLANG_WARN_NON_LITERAL_NULL_CONVERSION = YES;
				CLANG_WARN_OBJC_LITERAL_CONVERSION = YES;
				CLANG_WARN_OBJC_ROOT_CLASS = YES_ERROR;
				CLANG_WARN_RANGE_LOOP_ANALYSIS = YES;
				CLANG_WARN_STRICT_PROTOTYPES = YES;
				CLANG_WARN_SUSPICIOUS_MOVE = YES;
				CLANG_WARN_UNGUARDED_AVAILABILITY = YES_AGGRESSIVE;
				CLANG_WARN_UNREACHABLE_CODE = YES;
				CLANG_WARN__DUPLICATE_METHOD_MATCH = YES;
				CODE_SIGN_IDENTITY = "iPhone Developer";
				COPY_PHASE_STRIP = NO;
				DEBUG_INFORMATION_FORMAT = dwarf;
				ENABLE_STRICT_OBJC_MSGSEND = YES;
				ENABLE_TESTABILITY = YES;
				GCC_C_LANGUAGE_STANDARD = gnu11;
				GCC_DYNAMIC_NO_PIC = NO;
				GCC_NO_COMMON_BLOCKS = YES;
				GCC_OPTIMIZATION_LEVEL = 0;
				GCC_PREPROCESSOR_DEFINITIONS = (
					"DEBUG=1",
					"$(inherited)",
				);
				GCC_WARN_64_TO_32_BIT_CONVERSION = YES;
				GCC_WARN_ABOUT_RETURN_TYPE = YES_ERROR;
				GCC_WARN_UNDECLARED_SELECTOR = YES;
				GCC_WARN_UNINITIALIZED_AUTOS = YES_AGGRESSIVE;
				GCC_WARN_UNUSED_FUNCTION = YES;
				GCC_WARN_UNUSED_VARIABLE = YES;
				IPHONEOS_DEPLOYMENT_TARGET = 11.2;
				MTL_ENABLE_DEBUG_INFO = YES;
				ONLY_ACTIVE_ARCH = YES;
				SDKROOT = iphoneos;
				SWIFT_ACTIVE_COMPILATION_CONDITIONS = DEBUG;
				SWIFT_OPTIMIZATION_LEVEL = "-Onone";
			};
			name = Debug;
		};
		D78FD48F2042DA7F0059F912 /* Release */ = {
			isa = XCBuildConfiguration;
			buildSettings = {
				ALWAYS_SEARCH_USER_PATHS = NO;
				CLANG_ANALYZER_NONNULL = YES;
				CLANG_ANALYZER_NUMBER_OBJECT_CONVERSION = YES_AGGRESSIVE;
				CLANG_CXX_LANGUAGE_STANDARD = "gnu++14";
				CLANG_CXX_LIBRARY = "libc++";
				CLANG_ENABLE_MODULES = YES;
				CLANG_ENABLE_OBJC_ARC = YES;
				CLANG_WARN_BLOCK_CAPTURE_AUTORELEASING = YES;
				CLANG_WARN_BOOL_CONVERSION = YES;
				CLANG_WARN_COMMA = YES;
				CLANG_WARN_CONSTANT_CONVERSION = YES;
				CLANG_WARN_DIRECT_OBJC_ISA_USAGE = YES_ERROR;
				CLANG_WARN_DOCUMENTATION_COMMENTS = YES;
				CLANG_WARN_EMPTY_BODY = YES;
				CLANG_WARN_ENUM_CONVERSION = YES;
				CLANG_WARN_INFINITE_RECURSION = YES;
				CLANG_WARN_INT_CONVERSION = YES;
				CLANG_WARN_NON_LITERAL_NULL_CONVERSION = YES;
				CLANG_WARN_OBJC_LITERAL_CONVERSION = YES;
				CLANG_WARN_OBJC_ROOT_CLASS = YES_ERROR;
				CLANG_WARN_RANGE_LOOP_ANALYSIS = YES;
				CLANG_WARN_STRICT_PROTOTYPES = YES;
				CLANG_WARN_SUSPICIOUS_MOVE = YES;
				CLANG_WARN_UNGUARDED_AVAILABILITY = YES_AGGRESSIVE;
				CLANG_WARN_UNREACHABLE_CODE = YES;
				CLANG_WARN__DUPLICATE_METHOD_MATCH = YES;
				CODE_SIGN_IDENTITY = "iPhone Developer";
				COPY_PHASE_STRIP = NO;
				DEBUG_INFORMATION_FORMAT = "dwarf-with-dsym";
				ENABLE_NS_ASSERTIONS = NO;
				ENABLE_STRICT_OBJC_MSGSEND = YES;
				GCC_C_LANGUAGE_STANDARD = gnu11;
				GCC_NO_COMMON_BLOCKS = YES;
				GCC_WARN_64_TO_32_BIT_CONVERSION = YES;
				GCC_WARN_ABOUT_RETURN_TYPE = YES_ERROR;
				GCC_WARN_UNDECLARED_SELECTOR = YES;
				GCC_WARN_UNINITIALIZED_AUTOS = YES_AGGRESSIVE;
				GCC_WARN_UNUSED_FUNCTION = YES;
				GCC_WARN_UNUSED_VARIABLE = YES;
				IPHONEOS_DEPLOYMENT_TARGET = 11.2;
				MTL_ENABLE_DEBUG_INFO = NO;
				SDKROOT = iphoneos;
				SWIFT_OPTIMIZATION_LEVEL = "-Owholemodule";
				VALIDATE_PRODUCT = YES;
			};
			name = Release;
		};
		D78FD4912042DA7F0059F912 /* Debug */ = {
			isa = XCBuildConfiguration;
			buildSettings = {
				ASSETCATALOG_COMPILER_APPICON_NAME = AppIcon;
				CODE_SIGN_STYLE = Automatic;
				INFOPLIST_FILE = QuizGame/Info.plist;
				LD_RUNPATH_SEARCH_PATHS = "$(inherited) @executable_path/Frameworks";
				PRODUCT_BUNDLE_IDENTIFIER = Abdinasir.QuizGame;
				PRODUCT_NAME = "$(TARGET_NAME)";
				SWIFT_VERSION = 4.0;
				TARGETED_DEVICE_FAMILY = "1,2";
			};
			name = Debug;
		};
		D78FD4922042DA7F0059F912 /* Release */ = {
			isa = XCBuildConfiguration;
			buildSettings = {
				ASSETCATALOG_COMPILER_APPICON_NAME = AppIcon;
				CODE_SIGN_STYLE = Automatic;
				INFOPLIST_FILE = QuizGame/Info.plist;
				LD_RUNPATH_SEARCH_PATHS = "$(inherited) @executable_path/Frameworks";
				PRODUCT_BUNDLE_IDENTIFIER = Abdinasir.QuizGame;
				PRODUCT_NAME = "$(TARGET_NAME)";
				SWIFT_VERSION = 4.0;
				TARGETED_DEVICE_FAMILY = "1,2";
			};
			name = Release;
		};
/* End XCBuildConfiguration section */

/* Begin XCConfigurationList section */
		D78FD4792042DA7F0059F912 /* Build configuration list for PBXProject "QuizGame" */ = {
			isa = XCConfigurationList;
			buildConfigurations = (
				D78FD48E2042DA7F0059F912 /* Debug */,
				D78FD48F2042DA7F0059F912 /* Release */,
			);
			defaultConfigurationIsVisible = 0;
			defaultConfigurationName = Release;
		};
		D78FD4902042DA7F0059F912 /* Build configuration list for PBXNativeTarget "QuizGame" */ = {
			isa = XCConfigurationList;
			buildConfigurations = (
				D78FD4912042DA7F0059F912 /* Debug */,
				D78FD4922042DA7F0059F912 /* Release */,
			);
			defaultConfigurationIsVisible = 0;
			defaultConfigurationName = Release;
		};
/* End XCConfigurationList section */
	};
	rootObject = D78FD4762042DA7F0059F912 /* Project object */;
}
